
Microsoft Visual Studio Solution File, Format Version 12.00
# Visual Studio Version 17
VisualStudioVersion = 17.11.35327.3
MinimumVisualStudioVersion = 10.0.40219.1
Project("{9A19103F-16F7-4668-BE54-9A1E7A4F7556}") = "AuthService.Api", "src\Microservices\AuthService\AuthService.Api\AuthService.Api.csproj", "{DAE55C05-5183-46F2-8054-678F26357509}"
EndProject
Project("{9A19103F-16F7-4668-BE54-9A1E7A4F7556}") = "AuthService.Application", "src\Microservices\AuthService\AuthService.Application\AuthService.Application.csproj", "{980F9985-59EC-4F14-8719-EC2492EF4978}"
EndProject
Project("{9A19103F-16F7-4668-BE54-9A1E7A4F7556}") = "AuthService.Domain", "src\Microservices\AuthService\AuthService.Domain\AuthService.Domain.csproj", "{3241C298-E882-42D0-A8AB-10C3DF59C715}"
EndProject
Project("{9A19103F-16F7-4668-BE54-9A1E7A4F7556}") = "AuthService.Infrastructure", "src\Microservices\AuthService\AuthService.Infrastructure\AuthService.Infrastructure.csproj", "{22336EA6-38FB-4B8A-B7EC-20EBFC7D5D7D}"
EndProject
Project("{2150E333-8FDC-42A3-9474-1A3956D46DE8}") = "src", "src", "{57BF9C86-6F14-492B-8A22-05D3D8785D50}"
EndProject
Project("{2150E333-8FDC-42A3-9474-1A3956D46DE8}") = "Gateway", "Gateway", "{D1EEA8D4-226F-4492-9ECB-14953239D082}"
EndProject
Project("{2150E333-8FDC-42A3-9474-1A3956D46DE8}") = "Microservices", "Microservices", "{004DFA40-E922-4ECE-9C02-E7E041C0C39B}"
EndProject
Project("{2150E333-8FDC-42A3-9474-1A3956D46DE8}") = "Authservice", "Authservice", "{4CD83E46-4157-4903-9A56-301DA0694275}"
EndProject
Project("{2150E333-8FDC-42A3-9474-1A3956D46DE8}") = "Tests", "Tests", "{88D45EC0-BBAC-4B1C-9053-B0C6D81343B2}"
EndProject
Project("{9A19103F-16F7-4668-BE54-9A1E7A4F7556}") = "AuthService.UnitTests", "src\Microservices\AuthService\Tests\AuthService.UnitTests\AuthService.UnitTests.csproj", "{96C1311F-78D7-40BA-AE84-9BB3FA4D6937}"
EndProject
Project("{2150E333-8FDC-42A3-9474-1A3956D46DE8}") = "GameEngineService", "GameEngineService", "{CA38E685-A20A-4756-ABD8-043E8E5E01A7}"
EndProject
Project("{FAE04EC0-301F-11D3-BF4B-00C04F79EFBC}") = "GameEngineService.Api", "..\..\..\..\WebAppSample\Backend\WebApplicationSample\src\Microservices\GameEngineService\GameEngineService.Api\GameEngineService.Api.csproj", "{E6379C43-6EBE-4A4A-A7E5-AA6C14DCBF49}"
EndProject
Project("{FAE04EC0-301F-11D3-BF4B-00C04F79EFBC}") = "GameEngineService.Application", "..\..\..\..\WebAppSample\Backend\WebApplicationSample\src\Microservices\GameEngineService\GameEngineService.Application\GameEngineService.Application.csproj", "{3C512045-4D23-4FFA-8467-49B409DC1994}"
EndProject
Project("{FAE04EC0-301F-11D3-BF4B-00C04F79EFBC}") = "GameEngineService.Domain", "..\..\..\..\WebAppSample\Backend\WebApplicationSample\src\Microservices\GameEngineService\GameEngineService.Domain\GameEngineService.Domain.csproj", "{CEEFC732-BD89-4D15-ABEC-0E1EB83B70DE}"
EndProject
Project("{FAE04EC0-301F-11D3-BF4B-00C04F79EFBC}") = "GameEngineService.Infrastructure", "..\..\..\..\WebAppSample\Backend\WebApplicationSample\src\Microservices\GameEngineService\GameEngineService.Infrastructure\GameEngineService.Infrastructure.csproj", "{9666681F-14D7-48D6-83AB-311003EBEB66}"
EndProject
Global
	GlobalSection(SolutionConfigurationPlatforms) = preSolution
		Debug|Any CPU = Debug|Any CPU
		Release|Any CPU = Release|Any CPU
	EndGlobalSection
	GlobalSection(ProjectConfigurationPlatforms) = postSolution
		{DAE55C05-5183-46F2-8054-678F26357509}.Debug|Any CPU.ActiveCfg = Debug|Any CPU
		{DAE55C05-5183-46F2-8054-678F26357509}.Debug|Any CPU.Build.0 = Debug|Any CPU
		{DAE55C05-5183-46F2-8054-678F26357509}.Release|Any CPU.ActiveCfg = Release|Any CPU
		{DAE55C05-5183-46F2-8054-678F26357509}.Release|Any CPU.Build.0 = Release|Any CPU
		{980F9985-59EC-4F14-8719-EC2492EF4978}.Debug|Any CPU.ActiveCfg = Debug|Any CPU
		{980F9985-59EC-4F14-8719-EC2492EF4978}.Debug|Any CPU.Build.0 = Debug|Any CPU
		{980F9985-59EC-4F14-8719-EC2492EF4978}.Release|Any CPU.ActiveCfg = Release|Any CPU
		{980F9985-59EC-4F14-8719-EC2492EF4978}.Release|Any CPU.Build.0 = Release|Any CPU
		{3241C298-E882-42D0-A8AB-10C3DF59C715}.Debug|Any CPU.ActiveCfg = Debug|Any CPU
		{3241C298-E882-42D0-A8AB-10C3DF59C715}.Debug|Any CPU.Build.0 = Debug|Any CPU
		{3241C298-E882-42D0-A8AB-10C3DF59C715}.Release|Any CPU.ActiveCfg = Release|Any CPU
		{3241C298-E882-42D0-A8AB-10C3DF59C715}.Release|Any CPU.Build.0 = Release|Any CPU
		{22336EA6-38FB-4B8A-B7EC-20EBFC7D5D7D}.Debug|Any CPU.ActiveCfg = Debug|Any CPU
		{22336EA6-38FB-4B8A-B7EC-20EBFC7D5D7D}.Debug|Any CPU.Build.0 = Debug|Any CPU
		{22336EA6-38FB-4B8A-B7EC-20EBFC7D5D7D}.Release|Any CPU.ActiveCfg = Release|Any CPU
		{22336EA6-38FB-4B8A-B7EC-20EBFC7D5D7D}.Release|Any CPU.Build.0 = Release|Any CPU
		{96C1311F-78D7-40BA-AE84-9BB3FA4D6937}.Debug|Any CPU.ActiveCfg = Debug|Any CPU
		{96C1311F-78D7-40BA-AE84-9BB3FA4D6937}.Debug|Any CPU.Build.0 = Debug|Any CPU
		{96C1311F-78D7-40BA-AE84-9BB3FA4D6937}.Release|Any CPU.ActiveCfg = Release|Any CPU
		{96C1311F-78D7-40BA-AE84-9BB3FA4D6937}.Release|Any CPU.Build.0 = Release|Any CPU
		{E6379C43-6EBE-4A4A-A7E5-AA6C14DCBF49}.Debug|Any CPU.ActiveCfg = Debug|Any CPU
		{E6379C43-6EBE-4A4A-A7E5-AA6C14DCBF49}.Debug|Any CPU.Build.0 = Debug|Any CPU
		{E6379C43-6EBE-4A4A-A7E5-AA6C14DCBF49}.Release|Any CPU.ActiveCfg = Release|Any CPU
		{E6379C43-6EBE-4A4A-A7E5-AA6C14DCBF49}.Release|Any CPU.Build.0 = Release|Any CPU
		{3C512045-4D23-4FFA-8467-49B409DC1994}.Debug|Any CPU.ActiveCfg = Debug|Any CPU
		{3C512045-4D23-4FFA-8467-49B409DC1994}.Debug|Any CPU.Build.0 = Debug|Any CPU
		{3C512045-4D23-4FFA-8467-49B409DC1994}.Release|Any CPU.ActiveCfg = Release|Any CPU
		{3C512045-4D23-4FFA-8467-49B409DC1994}.Release|Any CPU.Build.0 = Release|Any CPU
		{CEEFC732-BD89-4D15-ABEC-0E1EB83B70DE}.Debug|Any CPU.ActiveCfg = Debug|Any CPU
		{CEEFC732-BD89-4D15-ABEC-0E1EB83B70DE}.Debug|Any CPU.Build.0 = Debug|Any CPU
		{CEEFC732-BD89-4D15-ABEC-0E1EB83B70DE}.Release|Any CPU.ActiveCfg = Release|Any CPU
		{CEEFC732-BD89-4D15-ABEC-0E1EB83B70DE}.Release|Any CPU.Build.0 = Release|Any CPU
		{9666681F-14D7-48D6-83AB-311003EBEB66}.Debug|Any CPU.ActiveCfg = Debug|Any CPU
		{9666681F-14D7-48D6-83AB-311003EBEB66}.Debug|Any CPU.Build.0 = Debug|Any CPU
		{9666681F-14D7-48D6-83AB-311003EBEB66}.Release|Any CPU.ActiveCfg = Release|Any CPU
		{9666681F-14D7-48D6-83AB-311003EBEB66}.Release|Any CPU.Build.0 = Release|Any CPU
	EndGlobalSection
	GlobalSection(SolutionProperties) = preSolution
		HideSolutionNode = FALSE
	EndGlobalSection
	GlobalSection(NestedProjects) = preSolution
		{DAE55C05-5183-46F2-8054-678F26357509} = {4CD83E46-4157-4903-9A56-301DA0694275}
		{980F9985-59EC-4F14-8719-EC2492EF4978} = {4CD83E46-4157-4903-9A56-301DA0694275}
		{3241C298-E882-42D0-A8AB-10C3DF59C715} = {4CD83E46-4157-4903-9A56-301DA0694275}
		{22336EA6-38FB-4B8A-B7EC-20EBFC7D5D7D} = {4CD83E46-4157-4903-9A56-301DA0694275}
		{D1EEA8D4-226F-4492-9ECB-14953239D082} = {57BF9C86-6F14-492B-8A22-05D3D8785D50}
		{004DFA40-E922-4ECE-9C02-E7E041C0C39B} = {57BF9C86-6F14-492B-8A22-05D3D8785D50}
		{4CD83E46-4157-4903-9A56-301DA0694275} = {004DFA40-E922-4ECE-9C02-E7E041C0C39B}
		{88D45EC0-BBAC-4B1C-9053-B0C6D81343B2} = {4CD83E46-4157-4903-9A56-301DA0694275}
		{96C1311F-78D7-40BA-AE84-9BB3FA4D6937} = {88D45EC0-BBAC-4B1C-9053-B0C6D81343B2}
		{CA38E685-A20A-4756-ABD8-043E8E5E01A7} = {004DFA40-E922-4ECE-9C02-E7E041C0C39B}
		{E6379C43-6EBE-4A4A-A7E5-AA6C14DCBF49} = {CA38E685-A20A-4756-ABD8-043E8E5E01A7}
		{3C512045-4D23-4FFA-8467-49B409DC1994} = {CA38E685-A20A-4756-ABD8-043E8E5E01A7}
		{CEEFC732-BD89-4D15-ABEC-0E1EB83B70DE} = {CA38E685-A20A-4756-ABD8-043E8E5E01A7}
		{9666681F-14D7-48D6-83AB-311003EBEB66} = {CA38E685-A20A-4756-ABD8-043E8E5E01A7}
	EndGlobalSection
	GlobalSection(ExtensibilityGlobals) = postSolution
		SolutionGuid = {D0D95858-FA18-42E7-A066-9D7E8B9914A8}
	EndGlobalSection
EndGlobal
