
Microsoft Visual Studio Solution File, Format Version 12.00
# Visual Studio Version 17
VisualStudioVersion = 17.11.35327.3
MinimumVisualStudioVersion = 10.0.40219.1
Project("{9A19103F-16F7-4668-BE54-9A1E7A4F7556}") = "AuthService.Api", "src\Microservices\AuthService\AuthService.Api\AuthService.Api.csproj", "{DAE55C05-5183-46F2-8054-678F26357509}"
EndProject
Project("{9A19103F-16F7-4668-BE54-9A1E7A4F7556}") = "AuthService.Application", "src\Microservices\AuthService\AuthService.Application\AuthService.Application.csproj", "{980F9985-59EC-4F14-8719-EC2492EF4978}"
EndProject
Project("{9A19103F-16F7-4668-BE54-9A1E7A4F7556}") = "AuthService.Domain", "src\Microservices\AuthService\AuthService.Domain\AuthService.Domain.csproj", "{3241C298-E882-42D0-A8AB-10C3DF59C715}"
EndProject
Project("{9A19103F-16F7-4668-BE54-9A1E7A4F7556}") = "AuthService.Infrastructure", "src\Microservices\AuthService\AuthService.Infrastructure\AuthService.Infrastructure.csproj", "{22336EA6-38FB-4B8A-B7EC-20EBFC7D5D7D}"
EndProject
Project("{2150E333-8FDC-42A3-9474-1A3956D46DE8}") = "src", "src", "{57BF9C86-6F14-492B-8A22-05D3D8785D50}"
EndProject
Project("{2150E333-8FDC-42A3-9474-1A3956D46DE8}") = "Gateway", "Gateway", "{D1EEA8D4-226F-4492-9ECB-14953239D082}"
EndProject
Project("{2150E333-8FDC-42A3-9474-1A3956D46DE8}") = "Microservices", "Microservices", "{004DFA40-E922-4ECE-9C02-E7E041C0C39B}"
EndProject
Project("{2150E333-8FDC-42A3-9474-1A3956D46DE8}") = "Authservice", "Authservice", "{4CD83E46-4157-4903-9A56-301DA0694275}"
EndProject
Project("{2150E333-8FDC-42A3-9474-1A3956D46DE8}") = "Tests", "Tests", "{88D45EC0-BBAC-4B1C-9053-B0C6D81343B2}"
EndProject
Project("{9A19103F-16F7-4668-BE54-9A1E7A4F7556}") = "AuthService.UnitTests", "src\Microservices\AuthService\Tests\AuthService.UnitTests\AuthService.UnitTests.csproj", "{96C1311F-78D7-40BA-AE84-9BB3FA4D6937}"
EndProject
Project("{2150E333-8FDC-42A3-9474-1A3956D46DE8}") = "GameEngineService", "GameEngineService", "{20F53D0E-A62A-480F-BE0D-920F65B79C7C}"
EndProject
Project("{FAE04EC0-301F-11D3-BF4B-00C04F79EFBC}") = "GameEngineService.Api", "src\Microservices\GameEngineService\GameEngineService.Api\GameEngineService.Api.csproj", "{A5382504-218C-4F30-850C-5C99B5A2304E}"
EndProject
Project("{FAE04EC0-301F-11D3-BF4B-00C04F79EFBC}") = "GameEngineService.Application", "src\Microservices\GameEngineService\GameEngineService.Application\GameEngineService.Application.csproj", "{3C424CFC-C87C-44F1-91D3-85A560F2FE24}"
EndProject
Project("{FAE04EC0-301F-11D3-BF4B-00C04F79EFBC}") = "GameEngineService.Domain", "src\Microservices\GameEngineService\GameEngineService.Domain\GameEngineService.Domain.csproj", "{DD16B5FE-8BDB-48F5-B465-E177C120E147}"
EndProject
Project("{FAE04EC0-301F-11D3-BF4B-00C04F79EFBC}") = "GameEngineService.Infrastructure", "src\Microservices\GameEngineService\GameEngineService.Infrastructure\GameEngineService.Infrastructure.csproj", "{7D049342-4957-41BC-90FA-C5E9681D4031}"
EndProject
Project("{2150E333-8FDC-42A3-9474-1A3956D46DE8}") = "MatchMakingService", "MatchMakingService", "{F7790807-BD43-4DBC-BA68-A35D765DF277}"
EndProject
Project("{FAE04EC0-301F-11D3-BF4B-00C04F79EFBC}") = "MatchMakingService.Api", "src\Microservices\MatchMakingService\MatchMakingService.Api\MatchMakingService.Api.csproj", "{18FAAB0D-BFC6-4ABD-87D3-946449B11973}"
EndProject
Project("{FAE04EC0-301F-11D3-BF4B-00C04F79EFBC}") = "AuthMiddleware", "AuthMiddleware\AuthMiddleware.csproj", "{49BBFD85-9752-4CE4-A9AF-6331745691E4}"
EndProject
Project("{FAE04EC0-301F-11D3-BF4B-00C04F79EFBC}") = "MatchMakingService.Application", "src\Microservices\MatchMakingService\MatchMakingService.Application\MatchMakingService.Application.csproj", "{DDEDCB30-69F9-4892-9982-989ED3CDBD46}"
EndProject
Project("{FAE04EC0-301F-11D3-BF4B-00C04F79EFBC}") = "MatchMakingService.Domain", "src\Microservices\MatchMakingService\MatchMakingService.Domain\MatchMakingService.Domain.csproj", "{3DA12952-4C03-4DB4-AF28-77C0493A0EE1}"
EndProject
Project("{FAE04EC0-301F-11D3-BF4B-00C04F79EFBC}") = "MatchMakingService.Infrastructure", "src\Microservices\MatchMakingService\MatchMakingService.Infrastructure\MatchMakingService.Infrastructure.csproj", "{159AB631-BE21-49AF-8D75-276C8B2824CC}"
EndProject
Project("{2150E333-8FDC-42A3-9474-1A3956D46DE8}") = "Contracts", "Contracts", "{4C08DF31-97A4-43A7-9396-6AB5FAEDD9E1}"
EndProject
Project("{FAE04EC0-301F-11D3-BF4B-00C04F79EFBC}") = "MassTransit.Conracts", "src\Microservices\Contracts\MassTransit.Conracts\MassTransit.Conracts.csproj", "{BCDC7DF5-07FD-4AD8-B92F-AB4EA9A79BA1}"
EndProject
Project("{2150E333-8FDC-42A3-9474-1A3956D46DE8}") = "BotService", "BotService", "{8990016A-7E1B-4AD3-9A38-0EB8D8A65CB9}"
EndProject
Project("{FAE04EC0-301F-11D3-BF4B-00C04F79EFBC}") = "BotService.Api", "src\Microservices\BotService\BotService.Api\BotService.Api.csproj", "{92093C02-7C18-4FAD-80A2-6E7954026AE4}"
EndProject
Project("{FAE04EC0-301F-11D3-BF4B-00C04F79EFBC}") = "BotService.Application", "src\Microservices\BotService\BotService.Application\BotService.Application.csproj", "{2AABC839-DA24-48F0-9F1D-1ED0725700EA}"
EndProject
Project("{FAE04EC0-301F-11D3-BF4B-00C04F79EFBC}") = "BotService.Domain", "src\Microservices\BotService\BotService.Domain\BotService.Domain.csproj", "{98664831-AE05-4997-B935-045BD9CB14D1}"
EndProject
Project("{FAE04EC0-301F-11D3-BF4B-00C04F79EFBC}") = "BotService.Infrastructure", "src\Microservices\BotService\BotService.Infrastructure\BotService.Infrastructure.csproj", "{30E3C81E-C303-4636-970A-597626B46A83}"
EndProject
Project("{2150E333-8FDC-42A3-9474-1A3956D46DE8}") = "Tests", "Tests", "{C7E09D14-6334-40C7-A4BC-2840C8DF696C}"
EndProject
Project("{FAE04EC0-301F-11D3-BF4B-00C04F79EFBC}") = "TestProject1", "src\Microservices\MatchMakingService\Tests\TestProject1\TestProject1.csproj", "{CC3C4995-D6C8-41D1-9E39-E1FFB6DBF402}"
EndProject
Project("{2150E333-8FDC-42A3-9474-1A3956D46DE8}") = "Tests", "Tests", "{1DA57D30-D7DC-447B-9F8A-C77C13740E63}"
EndProject
Project("{FAE04EC0-301F-11D3-BF4B-00C04F79EFBC}") = "BotService.SystemTests", "src\Microservices\BotService\Tests\BotService.SystemTests\BotService.SystemTests.csproj", "{F223635C-357E-48F6-8DC9-DCE19FEF0669}"
EndProject
Global
	GlobalSection(SolutionConfigurationPlatforms) = preSolution
		Debug|Any CPU = Debug|Any CPU
		Release|Any CPU = Release|Any CPU
	EndGlobalSection
	GlobalSection(ProjectConfigurationPlatforms) = postSolution
		{DAE55C05-5183-46F2-8054-678F26357509}.Debug|Any CPU.ActiveCfg = Debug|Any CPU
		{DAE55C05-5183-46F2-8054-678F26357509}.Debug|Any CPU.Build.0 = Debug|Any CPU
		{DAE55C05-5183-46F2-8054-678F26357509}.Release|Any CPU.ActiveCfg = Release|Any CPU
		{DAE55C05-5183-46F2-8054-678F26357509}.Release|Any CPU.Build.0 = Release|Any CPU
		{980F9985-59EC-4F14-8719-EC2492EF4978}.Debug|Any CPU.ActiveCfg = Debug|Any CPU
		{980F9985-59EC-4F14-8719-EC2492EF4978}.Debug|Any CPU.Build.0 = Debug|Any CPU
		{980F9985-59EC-4F14-8719-EC2492EF4978}.Release|Any CPU.ActiveCfg = Release|Any CPU
		{980F9985-59EC-4F14-8719-EC2492EF4978}.Release|Any CPU.Build.0 = Release|Any CPU
		{3241C298-E882-42D0-A8AB-10C3DF59C715}.Debug|Any CPU.ActiveCfg = Debug|Any CPU
		{3241C298-E882-42D0-A8AB-10C3DF59C715}.Debug|Any CPU.Build.0 = Debug|Any CPU
		{3241C298-E882-42D0-A8AB-10C3DF59C715}.Release|Any CPU.ActiveCfg = Release|Any CPU
		{3241C298-E882-42D0-A8AB-10C3DF59C715}.Release|Any CPU.Build.0 = Release|Any CPU
		{22336EA6-38FB-4B8A-B7EC-20EBFC7D5D7D}.Debug|Any CPU.ActiveCfg = Debug|Any CPU
		{22336EA6-38FB-4B8A-B7EC-20EBFC7D5D7D}.Debug|Any CPU.Build.0 = Debug|Any CPU
		{22336EA6-38FB-4B8A-B7EC-20EBFC7D5D7D}.Release|Any CPU.ActiveCfg = Release|Any CPU
		{22336EA6-38FB-4B8A-B7EC-20EBFC7D5D7D}.Release|Any CPU.Build.0 = Release|Any CPU
		{96C1311F-78D7-40BA-AE84-9BB3FA4D6937}.Debug|Any CPU.ActiveCfg = Debug|Any CPU
		{96C1311F-78D7-40BA-AE84-9BB3FA4D6937}.Debug|Any CPU.Build.0 = Debug|Any CPU
		{96C1311F-78D7-40BA-AE84-9BB3FA4D6937}.Release|Any CPU.ActiveCfg = Release|Any CPU
		{96C1311F-78D7-40BA-AE84-9BB3FA4D6937}.Release|Any CPU.Build.0 = Release|Any CPU
		{A5382504-218C-4F30-850C-5C99B5A2304E}.Debug|Any CPU.ActiveCfg = Debug|Any CPU
		{A5382504-218C-4F30-850C-5C99B5A2304E}.Debug|Any CPU.Build.0 = Debug|Any CPU
		{A5382504-218C-4F30-850C-5C99B5A2304E}.Release|Any CPU.ActiveCfg = Release|Any CPU
		{A5382504-218C-4F30-850C-5C99B5A2304E}.Release|Any CPU.Build.0 = Release|Any CPU
		{3C424CFC-C87C-44F1-91D3-85A560F2FE24}.Debug|Any CPU.ActiveCfg = Debug|Any CPU
		{3C424CFC-C87C-44F1-91D3-85A560F2FE24}.Debug|Any CPU.Build.0 = Debug|Any CPU
		{3C424CFC-C87C-44F1-91D3-85A560F2FE24}.Release|Any CPU.ActiveCfg = Release|Any CPU
		{3C424CFC-C87C-44F1-91D3-85A560F2FE24}.Release|Any CPU.Build.0 = Release|Any CPU
		{DD16B5FE-8BDB-48F5-B465-E177C120E147}.Debug|Any CPU.ActiveCfg = Debug|Any CPU
		{DD16B5FE-8BDB-48F5-B465-E177C120E147}.Debug|Any CPU.Build.0 = Debug|Any CPU
		{DD16B5FE-8BDB-48F5-B465-E177C120E147}.Release|Any CPU.ActiveCfg = Release|Any CPU
		{DD16B5FE-8BDB-48F5-B465-E177C120E147}.Release|Any CPU.Build.0 = Release|Any CPU
		{7D049342-4957-41BC-90FA-C5E9681D4031}.Debug|Any CPU.ActiveCfg = Debug|Any CPU
		{7D049342-4957-41BC-90FA-C5E9681D4031}.Debug|Any CPU.Build.0 = Debug|Any CPU
		{7D049342-4957-41BC-90FA-C5E9681D4031}.Release|Any CPU.ActiveCfg = Release|Any CPU
		{7D049342-4957-41BC-90FA-C5E9681D4031}.Release|Any CPU.Build.0 = Release|Any CPU
		{18FAAB0D-BFC6-4ABD-87D3-946449B11973}.Debug|Any CPU.ActiveCfg = Debug|Any CPU
		{18FAAB0D-BFC6-4ABD-87D3-946449B11973}.Debug|Any CPU.Build.0 = Debug|Any CPU
		{18FAAB0D-BFC6-4ABD-87D3-946449B11973}.Release|Any CPU.ActiveCfg = Release|Any CPU
		{18FAAB0D-BFC6-4ABD-87D3-946449B11973}.Release|Any CPU.Build.0 = Release|Any CPU
		{49BBFD85-9752-4CE4-A9AF-6331745691E4}.Debug|Any CPU.ActiveCfg = Debug|Any CPU
		{49BBFD85-9752-4CE4-A9AF-6331745691E4}.Debug|Any CPU.Build.0 = Debug|Any CPU
		{49BBFD85-9752-4CE4-A9AF-6331745691E4}.Release|Any CPU.ActiveCfg = Release|Any CPU
		{49BBFD85-9752-4CE4-A9AF-6331745691E4}.Release|Any CPU.Build.0 = Release|Any CPU
		{DDEDCB30-69F9-4892-9982-989ED3CDBD46}.Debug|Any CPU.ActiveCfg = Debug|Any CPU
		{DDEDCB30-69F9-4892-9982-989ED3CDBD46}.Debug|Any CPU.Build.0 = Debug|Any CPU
		{DDEDCB30-69F9-4892-9982-989ED3CDBD46}.Release|Any CPU.ActiveCfg = Release|Any CPU
		{DDEDCB30-69F9-4892-9982-989ED3CDBD46}.Release|Any CPU.Build.0 = Release|Any CPU
		{3DA12952-4C03-4DB4-AF28-77C0493A0EE1}.Debug|Any CPU.ActiveCfg = Debug|Any CPU
		{3DA12952-4C03-4DB4-AF28-77C0493A0EE1}.Debug|Any CPU.Build.0 = Debug|Any CPU
		{3DA12952-4C03-4DB4-AF28-77C0493A0EE1}.Release|Any CPU.ActiveCfg = Release|Any CPU
		{3DA12952-4C03-4DB4-AF28-77C0493A0EE1}.Release|Any CPU.Build.0 = Release|Any CPU
		{159AB631-BE21-49AF-8D75-276C8B2824CC}.Debug|Any CPU.ActiveCfg = Debug|Any CPU
		{159AB631-BE21-49AF-8D75-276C8B2824CC}.Debug|Any CPU.Build.0 = Debug|Any CPU
		{159AB631-BE21-49AF-8D75-276C8B2824CC}.Release|Any CPU.ActiveCfg = Release|Any CPU
		{159AB631-BE21-49AF-8D75-276C8B2824CC}.Release|Any CPU.Build.0 = Release|Any CPU
		{BCDC7DF5-07FD-4AD8-B92F-AB4EA9A79BA1}.Debug|Any CPU.ActiveCfg = Debug|Any CPU
		{BCDC7DF5-07FD-4AD8-B92F-AB4EA9A79BA1}.Debug|Any CPU.Build.0 = Debug|Any CPU
		{BCDC7DF5-07FD-4AD8-B92F-AB4EA9A79BA1}.Release|Any CPU.ActiveCfg = Release|Any CPU
		{BCDC7DF5-07FD-4AD8-B92F-AB4EA9A79BA1}.Release|Any CPU.Build.0 = Release|Any CPU
		{92093C02-7C18-4FAD-80A2-6E7954026AE4}.Debug|Any CPU.ActiveCfg = Debug|Any CPU
		{92093C02-7C18-4FAD-80A2-6E7954026AE4}.Debug|Any CPU.Build.0 = Debug|Any CPU
		{92093C02-7C18-4FAD-80A2-6E7954026AE4}.Release|Any CPU.ActiveCfg = Release|Any CPU
		{92093C02-7C18-4FAD-80A2-6E7954026AE4}.Release|Any CPU.Build.0 = Release|Any CPU
		{2AABC839-DA24-48F0-9F1D-1ED0725700EA}.Debug|Any CPU.ActiveCfg = Debug|Any CPU
		{2AABC839-DA24-48F0-9F1D-1ED0725700EA}.Debug|Any CPU.Build.0 = Debug|Any CPU
		{2AABC839-DA24-48F0-9F1D-1ED0725700EA}.Release|Any CPU.ActiveCfg = Release|Any CPU
		{2AABC839-DA24-48F0-9F1D-1ED0725700EA}.Release|Any CPU.Build.0 = Release|Any CPU
		{98664831-AE05-4997-B935-045BD9CB14D1}.Debug|Any CPU.ActiveCfg = Debug|Any CPU
		{98664831-AE05-4997-B935-045BD9CB14D1}.Debug|Any CPU.Build.0 = Debug|Any CPU
		{98664831-AE05-4997-B935-045BD9CB14D1}.Release|Any CPU.ActiveCfg = Release|Any CPU
		{98664831-AE05-4997-B935-045BD9CB14D1}.Release|Any CPU.Build.0 = Release|Any CPU
		{30E3C81E-C303-4636-970A-597626B46A83}.Debug|Any CPU.ActiveCfg = Debug|Any CPU
		{30E3C81E-C303-4636-970A-597626B46A83}.Debug|Any CPU.Build.0 = Debug|Any CPU
		{30E3C81E-C303-4636-970A-597626B46A83}.Release|Any CPU.ActiveCfg = Release|Any CPU
		{30E3C81E-C303-4636-970A-597626B46A83}.Release|Any CPU.Build.0 = Release|Any CPU
		{CC3C4995-D6C8-41D1-9E39-E1FFB6DBF402}.Debug|Any CPU.ActiveCfg = Debug|Any CPU
		{CC3C4995-D6C8-41D1-9E39-E1FFB6DBF402}.Debug|Any CPU.Build.0 = Debug|Any CPU
		{CC3C4995-D6C8-41D1-9E39-E1FFB6DBF402}.Release|Any CPU.ActiveCfg = Release|Any CPU
		{CC3C4995-D6C8-41D1-9E39-E1FFB6DBF402}.Release|Any CPU.Build.0 = Release|Any CPU
		{F223635C-357E-48F6-8DC9-DCE19FEF0669}.Debug|Any CPU.ActiveCfg = Debug|Any CPU
		{F223635C-357E-48F6-8DC9-DCE19FEF0669}.Debug|Any CPU.Build.0 = Debug|Any CPU
		{F223635C-357E-48F6-8DC9-DCE19FEF0669}.Release|Any CPU.ActiveCfg = Release|Any CPU
		{F223635C-357E-48F6-8DC9-DCE19FEF0669}.Release|Any CPU.Build.0 = Release|Any CPU
	EndGlobalSection
	GlobalSection(SolutionProperties) = preSolution
		HideSolutionNode = FALSE
	EndGlobalSection
	GlobalSection(NestedProjects) = preSolution
		{DAE55C05-5183-46F2-8054-678F26357509} = {4CD83E46-4157-4903-9A56-301DA0694275}
		{980F9985-59EC-4F14-8719-EC2492EF4978} = {4CD83E46-4157-4903-9A56-301DA0694275}
		{3241C298-E882-42D0-A8AB-10C3DF59C715} = {4CD83E46-4157-4903-9A56-301DA0694275}
		{22336EA6-38FB-4B8A-B7EC-20EBFC7D5D7D} = {4CD83E46-4157-4903-9A56-301DA0694275}
		{D1EEA8D4-226F-4492-9ECB-14953239D082} = {57BF9C86-6F14-492B-8A22-05D3D8785D50}
		{004DFA40-E922-4ECE-9C02-E7E041C0C39B} = {57BF9C86-6F14-492B-8A22-05D3D8785D50}
		{4CD83E46-4157-4903-9A56-301DA0694275} = {004DFA40-E922-4ECE-9C02-E7E041C0C39B}
		{88D45EC0-BBAC-4B1C-9053-B0C6D81343B2} = {4CD83E46-4157-4903-9A56-301DA0694275}
		{96C1311F-78D7-40BA-AE84-9BB3FA4D6937} = {88D45EC0-BBAC-4B1C-9053-B0C6D81343B2}
		{20F53D0E-A62A-480F-BE0D-920F65B79C7C} = {004DFA40-E922-4ECE-9C02-E7E041C0C39B}
		{A5382504-218C-4F30-850C-5C99B5A2304E} = {20F53D0E-A62A-480F-BE0D-920F65B79C7C}
		{3C424CFC-C87C-44F1-91D3-85A560F2FE24} = {20F53D0E-A62A-480F-BE0D-920F65B79C7C}
		{DD16B5FE-8BDB-48F5-B465-E177C120E147} = {20F53D0E-A62A-480F-BE0D-920F65B79C7C}
		{7D049342-4957-41BC-90FA-C5E9681D4031} = {20F53D0E-A62A-480F-BE0D-920F65B79C7C}
		{F7790807-BD43-4DBC-BA68-A35D765DF277} = {004DFA40-E922-4ECE-9C02-E7E041C0C39B}
		{18FAAB0D-BFC6-4ABD-87D3-946449B11973} = {F7790807-BD43-4DBC-BA68-A35D765DF277}
		{49BBFD85-9752-4CE4-A9AF-6331745691E4} = {4CD83E46-4157-4903-9A56-301DA0694275}
		{DDEDCB30-69F9-4892-9982-989ED3CDBD46} = {F7790807-BD43-4DBC-BA68-A35D765DF277}
		{3DA12952-4C03-4DB4-AF28-77C0493A0EE1} = {F7790807-BD43-4DBC-BA68-A35D765DF277}
		{159AB631-BE21-49AF-8D75-276C8B2824CC} = {F7790807-BD43-4DBC-BA68-A35D765DF277}
		{4C08DF31-97A4-43A7-9396-6AB5FAEDD9E1} = {004DFA40-E922-4ECE-9C02-E7E041C0C39B}
		{BCDC7DF5-07FD-4AD8-B92F-AB4EA9A79BA1} = {4C08DF31-97A4-43A7-9396-6AB5FAEDD9E1}
		{8990016A-7E1B-4AD3-9A38-0EB8D8A65CB9} = {004DFA40-E922-4ECE-9C02-E7E041C0C39B}
		{92093C02-7C18-4FAD-80A2-6E7954026AE4} = {8990016A-7E1B-4AD3-9A38-0EB8D8A65CB9}
		{2AABC839-DA24-48F0-9F1D-1ED0725700EA} = {8990016A-7E1B-4AD3-9A38-0EB8D8A65CB9}
		{98664831-AE05-4997-B935-045BD9CB14D1} = {8990016A-7E1B-4AD3-9A38-0EB8D8A65CB9}
		{30E3C81E-C303-4636-970A-597626B46A83} = {8990016A-7E1B-4AD3-9A38-0EB8D8A65CB9}
		{C7E09D14-6334-40C7-A4BC-2840C8DF696C} = {F7790807-BD43-4DBC-BA68-A35D765DF277}
		{CC3C4995-D6C8-41D1-9E39-E1FFB6DBF402} = {C7E09D14-6334-40C7-A4BC-2840C8DF696C}
		{1DA57D30-D7DC-447B-9F8A-C77C13740E63} = {8990016A-7E1B-4AD3-9A38-0EB8D8A65CB9}
		{F223635C-357E-48F6-8DC9-DCE19FEF0669} = {1DA57D30-D7DC-447B-9F8A-C77C13740E63}
	EndGlobalSection
	GlobalSection(ExtensibilityGlobals) = postSolution
		SolutionGuid = {D0D95858-FA18-42E7-A066-9D7E8B9914A8}
	EndGlobalSection
EndGlobal
